
Microsoft Visual Studio Solution File, Format Version 12.00
# Visual Studio Version 17
VisualStudioVersion = 17.7.34031.279
MinimumVisualStudioVersion = 10.0.40219.1
Project("{FAE04EC0-301F-11D3-BF4B-00C04F79EFBC}") = "Lab3B", "Lab3B\Lab3B.csproj", "{F76D7B25-4EB1-4F48-9FC6-3B731D082EC6}"
EndProject
Global
	GlobalSection(SolutionConfigurationPlatforms) = preSolution
		Debug|Any CPU = Debug|Any CPU
		Release|Any CPU = Release|Any CPU
	EndGlobalSection
	GlobalSection(ProjectConfigurationPlatforms) = postSolution
		{F76D7B25-4EB1-4F48-9FC6-3B731D082EC6}.Debug|Any CPU.ActiveCfg = Debug|Any CPU
		{F76D7B25-4EB1-4F48-9FC6-3B731D082EC6}.Debug|Any CPU.Build.0 = Debug|Any CPU
		{F76D7B25-4EB1-4F48-9FC6-3B731D082EC6}.Release|Any CPU.ActiveCfg = Release|Any CPU
		{F76D7B25-4EB1-4F48-9FC6-3B731D082EC6}.Release|Any CPU.Build.0 = Release|Any CPU
	EndGlobalSection
	GlobalSection(SolutionProperties) = preSolution
		HideSolutionNode = FALSE
	EndGlobalSection
	GlobalSection(ExtensibilityGlobals) = postSolution
		SolutionGuid = {72E9401B-F105-4B85-8178-9AD4BD2129C4}
	EndGlobalSection
EndGlobal
